
Microsoft Visual Studio Solution File, Format Version 12.00
# Visual Studio Version 17
VisualStudioVersion = 17.9.34723.18
MinimumVisualStudioVersion = 10.0.40219.1
Project("{FAE04EC0-301F-11D3-BF4B-00C04F79EFBC}") = "TestProject2024", "TestProject2024.csproj", "{97853A25-58F4-4B2D-840F-A97A2A428101}"
EndProject
Global
	GlobalSection(SolutionConfigurationPlatforms) = preSolution
		Debug|Any CPU = Debug|Any CPU
		Release|Any CPU = Release|Any CPU
	EndGlobalSection
	GlobalSection(ProjectConfigurationPlatforms) = postSolution
		{97853A25-58F4-4B2D-840F-A97A2A428101}.Debug|Any CPU.ActiveCfg = Debug|Any CPU
		{97853A25-58F4-4B2D-840F-A97A2A428101}.Debug|Any CPU.Build.0 = Debug|Any CPU
		{97853A25-58F4-4B2D-840F-A97A2A428101}.Release|Any CPU.ActiveCfg = Release|Any CPU
		{97853A25-58F4-4B2D-840F-A97A2A428101}.Release|Any CPU.Build.0 = Release|Any CPU
	EndGlobalSection
	GlobalSection(SolutionProperties) = preSolution
		HideSolutionNode = FALSE
	EndGlobalSection
	GlobalSection(ExtensibilityGlobals) = postSolution
		SolutionGuid = {36BD8349-5858-4D4F-898B-0DC880786F2E}
	EndGlobalSection
EndGlobal
